// !$*UTF8*$!
{
	archiveVersion = 1;
	classes = {
	};
	objectVersion = 50;
	objects = {

/* Begin PBXBuildFile section */
		305E85532105A1C4003E9792 /* AppDelegate.swift in Sources */ = {isa = PBXBuildFile; fileRef = 305E85522105A1C4003E9792 /* AppDelegate.swift */; };
		305E85552105A1C4003E9792 /* ViewController.swift in Sources */ = {isa = PBXBuildFile; fileRef = 305E85542105A1C4003E9792 /* ViewController.swift */; };
		305E85582105A1C4003E9792 /* Main.storyboard in Resources */ = {isa = PBXBuildFile; fileRef = 305E85562105A1C4003E9792 /* Main.storyboard */; };
		305E855B2105A1C4003E9792 /* GetWifiInfo.xcdatamodeld in Sources */ = {isa = PBXBuildFile; fileRef = 305E85592105A1C4003E9792 /* GetWifiInfo.xcdatamodeld */; };
		305E855D2105A1D7003E9792 /* Assets.xcassets in Resources */ = {isa = PBXBuildFile; fileRef = 305E855C2105A1D7003E9792 /* Assets.xcassets */; };
		305E85602105A1D7003E9792 /* LaunchScreen.storyboard in Resources */ = {isa = PBXBuildFile; fileRef = 305E855E2105A1D7003E9792 /* LaunchScreen.storyboard */; };
/* End PBXBuildFile section */

/* Begin PBXFileReference section */
		305E854F2105A1C4003E9792 /* GetWifiInfo.app */ = {isa = PBXFileReference; explicitFileType = wrapper.application; includeInIndex = 0; path = GetWifiInfo.app; sourceTree = BUILT_PRODUCTS_DIR; };
		305E85522105A1C4003E9792 /* AppDelegate.swift */ = {isa = PBXFileReference; lastKnownFileType = sourcecode.swift; path = AppDelegate.swift; sourceTree = "<group>"; };
		305E85542105A1C4003E9792 /* ViewController.swift */ = {isa = PBXFileReference; lastKnownFileType = sourcecode.swift; path = ViewController.swift; sourceTree = "<group>"; };
		305E85572105A1C4003E9792 /* Base */ = {isa = PBXFileReference; lastKnownFileType = file.storyboard; name = Base; path = Base.lproj/Main.storyboard; sourceTree = "<group>"; };
		305E855A2105A1C4003E9792 /* GetWifiInfo.xcdatamodel */ = {isa = PBXFileReference; lastKnownFileType = wrapper.xcdatamodel; path = GetWifiInfo.xcdatamodel; sourceTree = "<group>"; };
		305E855C2105A1D7003E9792 /* Assets.xcassets */ = {isa = PBXFileReference; lastKnownFileType = folder.assetcatalog; path = Assets.xcassets; sourceTree = "<group>"; };
		305E855F2105A1D7003E9792 /* Base */ = {isa = PBXFileReference; lastKnownFileType = file.storyboard; name = Base; path = Base.lproj/LaunchScreen.storyboard; sourceTree = "<group>"; };
		305E85612105A1D7003E9792 /* Info.plist */ = {isa = PBXFileReference; lastKnownFileType = text.plist.xml; path = Info.plist; sourceTree = "<group>"; };
		305E856A2105AFDC003E9792 /* GetWifiInfo.entitlements */ = {isa = PBXFileReference; lastKnownFileType = text.plist.entitlements; path = GetWifiInfo.entitlements; sourceTree = "<group>"; };
/* End PBXFileReference section */

/* Begin PBXFrameworksBuildPhase section */
		305E854C2105A1C4003E9792 /* Frameworks */ = {
			isa = PBXFrameworksBuildPhase;
			buildActionMask = 2147483647;
			files = (
			);
			runOnlyForDeploymentPostprocessing = 0;
		};
/* End PBXFrameworksBuildPhase section */

/* Begin PBXGroup section */
		305E85462105A1C4003E9792 = {
			isa = PBXGroup;
			children = (
				305E85512105A1C4003E9792 /* GetWifiInfo */,
				305E85502105A1C4003E9792 /* Products */,
				305E85672105AFDC003E9792 /* Frameworks */,
			);
			sourceTree = "<group>";
		};
		305E85502105A1C4003E9792 /* Products */ = {
			isa = PBXGroup;
			children = (
				305E854F2105A1C4003E9792 /* GetWifiInfo.app */,
			);
			name = Products;
			sourceTree = "<group>";
		};
		305E85512105A1C4003E9792 /* GetWifiInfo */ = {
			isa = PBXGroup;
			children = (
				305E856A2105AFDC003E9792 /* GetWifiInfo.entitlements */,
				305E85522105A1C4003E9792 /* AppDelegate.swift */,
				305E85542105A1C4003E9792 /* ViewController.swift */,
				305E85562105A1C4003E9792 /* Main.storyboard */,
				305E855C2105A1D7003E9792 /* Assets.xcassets */,
				305E855E2105A1D7003E9792 /* LaunchScreen.storyboard */,
				305E85612105A1D7003E9792 /* Info.plist */,
				305E85592105A1C4003E9792 /* GetWifiInfo.xcdatamodeld */,
			);
			path = GetWifiInfo;
			sourceTree = "<group>";
		};
		305E85672105AFDC003E9792 /* Frameworks */ = {
			isa = PBXGroup;
			children = (
			);
			name = Frameworks;
			sourceTree = "<group>";
		};
/* End PBXGroup section */

/* Begin PBXNativeTarget section */
		305E854E2105A1C4003E9792 /* GetWifiInfo */ = {
			isa = PBXNativeTarget;
			buildConfigurationList = 305E85642105A1D7003E9792 /* Build configuration list for PBXNativeTarget "GetWifiInfo" */;
			buildPhases = (
				305E854B2105A1C4003E9792 /* Sources */,
				305E854C2105A1C4003E9792 /* Frameworks */,
				305E854D2105A1C4003E9792 /* Resources */,
			);
			buildRules = (
			);
			dependencies = (
			);
			name = GetWifiInfo;
			productName = GetWifiInfo;
			productReference = 305E854F2105A1C4003E9792 /* GetWifiInfo.app */;
			productType = "com.apple.product-type.application";
		};
/* End PBXNativeTarget section */

/* Begin PBXProject section */
		305E85472105A1C4003E9792 /* Project object */ = {
			isa = PBXProject;
			attributes = {
				LastSwiftUpdateCheck = 0940;
				LastUpgradeCheck = 0940;
				ORGANIZATIONNAME = "Midwest Computer Solutions";
				TargetAttributes = {
					305E854E2105A1C4003E9792 = {
						CreatedOnToolsVersion = 9.4.1;
						LastSwiftMigration = 1010;
						SystemCapabilities = {
							com.apple.AccessWiFi = {
								enabled = 1;
							};
							com.apple.BackgroundModes = {
								enabled = 0;
							};
							com.apple.HotspotConfiguration = {
								enabled = 0;
							};
							com.apple.Multipath = {
								enabled = 0;
							};
							com.apple.NetworkExtensions.iOS = {
								enabled = 0;
							};
							com.apple.WAC = {
								enabled = 0;
							};
						};
					};
				};
			};
			buildConfigurationList = 305E854A2105A1C4003E9792 /* Build configuration list for PBXProject "GetWifiInfo" */;
			compatibilityVersion = "Xcode 9.3";
			developmentRegion = en;
			hasScannedForEncodings = 0;
			knownRegions = (
				en,
				Base,
			);
			mainGroup = 305E85462105A1C4003E9792;
			productRefGroup = 305E85502105A1C4003E9792 /* Products */;
			projectDirPath = "";
			projectRoot = "";
			targets = (
				305E854E2105A1C4003E9792 /* GetWifiInfo */,
			);
		};
/* End PBXProject section */

/* Begin PBXResourcesBuildPhase section */
		305E854D2105A1C4003E9792 /* Resources */ = {
			isa = PBXResourcesBuildPhase;
			buildActionMask = 2147483647;
			files = (
				305E85602105A1D7003E9792 /* LaunchScreen.storyboard in Resources */,
				305E855D2105A1D7003E9792 /* Assets.xcassets in Resources */,
				305E85582105A1C4003E9792 /* Main.storyboard in Resources */,
			);
			runOnlyForDeploymentPostprocessing = 0;
		};
/* End PBXResourcesBuildPhase section */

/* Begin PBXSourcesBuildPhase section */
		305E854B2105A1C4003E9792 /* Sources */ = {
			isa = PBXSourcesBuildPhase;
			buildActionMask = 2147483647;
			files = (
				305E855B2105A1C4003E9792 /* GetWifiInfo.xcdatamodeld in Sources */,
				305E85552105A1C4003E9792 /* ViewController.swift in Sources */,
				305E85532105A1C4003E9792 /* AppDelegate.swift in Sources */,
			);
			runOnlyForDeploymentPostprocessing = 0;
		};
/* End PBXSourcesBuildPhase section */

/* Begin PBXVariantGroup section */
		305E85562105A1C4003E9792 /* Main.storyboard */ = {
			isa = PBXVariantGroup;
			children = (
				305E85572105A1C4003E9792 /* Base */,
			);
			name = Main.storyboard;
			sourceTree = "<group>";
		};
		305E855E2105A1D7003E9792 /* LaunchScreen.storyboard */ = {
			isa = PBXVariantGroup;
			children = (
				305E855F2105A1D7003E9792 /* Base */,
			);
			name = LaunchScreen.storyboard;
			sourceTree = "<group>";
		};
/* End PBXVariantGroup section */

/* Begin XCBuildConfiguration section */
		305E85622105A1D7003E9792 /* Debug */ = {
			isa = XCBuildConfiguration;
			buildSettings = {
				ALWAYS_SEARCH_USER_PATHS = NO;
				CLANG_ANALYZER_NONNULL = YES;
				CLANG_ANALYZER_NUMBER_OBJECT_CONVERSION = YES_AGGRESSIVE;
				CLANG_CXX_LANGUAGE_STANDARD = "gnu++14";
				CLANG_CXX_LIBRARY = "libc++";
				CLANG_ENABLE_MODULES = YES;
				CLANG_ENABLE_OBJC_ARC = YES;
				CLANG_ENABLE_OBJC_WEAK = YES;
				CLANG_WARN_BLOCK_CAPTURE_AUTORELEASING = YES;
				CLANG_WARN_BOOL_CONVERSION = YES;
				CLANG_WARN_COMMA = YES;
				CLANG_WARN_CONSTANT_CONVERSION = YES;
				CLANG_WARN_DEPRECATED_OBJC_IMPLEMENTATIONS = YES;
				CLANG_WARN_DIRECT_OBJC_ISA_USAGE = YES_ERROR;
				CLANG_WARN_DOCUMENTATION_COMMENTS = YES;
				CLANG_WARN_EMPTY_BODY = YES;
				CLANG_WARN_ENUM_CONVERSION = YES;
				CLANG_WARN_INFINITE_RECURSION = YES;
				CLANG_WARN_INT_CONVERSION = YES;
				CLANG_WARN_NON_LITERAL_NULL_CONVERSION = YES;
				CLANG_WARN_OBJC_IMPLICIT_RETAIN_SELF = YES;
				CLANG_WARN_OBJC_LITERAL_CONVERSION = YES;
				CLANG_WARN_OBJC_ROOT_CLASS = YES_ERROR;
				CLANG_WARN_RANGE_LOOP_ANALYSIS = YES;
				CLANG_WARN_STRICT_PROTOTYPES = YES;
				CLANG_WARN_SUSPICIOUS_MOVE = YES;
				CLANG_WARN_UNGUARDED_AVAILABILITY = YES_AGGRESSIVE;
				CLANG_WARN_UNREACHABLE_CODE = YES;
				CLANG_WARN__DUPLICATE_METHOD_MATCH = YES;
				CODE_SIGN_IDENTITY = "iPhone Developer";
				COPY_PHASE_STRIP = NO;
				DEBUG_INFORMATION_FORMAT = dwarf;
				ENABLE_STRICT_OBJC_MSGSEND = YES;
				ENABLE_TESTABILITY = YES;
				GCC_C_LANGUAGE_STANDARD = gnu11;
				GCC_DYNAMIC_NO_PIC = NO;
				GCC_NO_COMMON_BLOCKS = YES;
				GCC_OPTIMIZATION_LEVEL = 0;
				GCC_PREPROCESSOR_DEFINITIONS = (
					"DEBUG=1",
					"$(inherited)",
				);
				GCC_WARN_64_TO_32_BIT_CONVERSION = YES;
				GCC_WARN_ABOUT_RETURN_TYPE = YES_ERROR;
				GCC_WARN_UNDECLARED_SELECTOR = YES;
				GCC_WARN_UNINITIALIZED_AUTOS = YES_AGGRESSIVE;
				GCC_WARN_UNUSED_FUNCTION = YES;
				GCC_WARN_UNUSED_VARIABLE = YES;
				IPHONEOS_DEPLOYMENT_TARGET = 11.4;
				MTL_ENABLE_DEBUG_INFO = YES;
				ONLY_ACTIVE_ARCH = YES;
				SDKROOT = iphoneos;
				SWIFT_ACTIVE_COMPILATION_CONDITIONS = DEBUG;
				SWIFT_OPTIMIZATION_LEVEL = "-Onone";
			};
			name = Debug;
		};
		305E85632105A1D7003E9792 /* Release */ = {
			isa = XCBuildConfiguration;
			buildSettings = {
				ALWAYS_SEARCH_USER_PATHS = NO;
				CLANG_ANALYZER_NONNULL = YES;
				CLANG_ANALYZER_NUMBER_OBJECT_CONVERSION = YES_AGGRESSIVE;
				CLANG_CXX_LANGUAGE_STANDARD = "gnu++14";
				CLANG_CXX_LIBRARY = "libc++";
				CLANG_ENABLE_MODULES = YES;
				CLANG_ENABLE_OBJC_ARC = YES;
				CLANG_ENABLE_OBJC_WEAK = YES;
				CLANG_WARN_BLOCK_CAPTURE_AUTORELEASING = YES;
				CLANG_WARN_BOOL_CONVERSION = YES;
				CLANG_WARN_COMMA = YES;
				CLANG_WARN_CONSTANT_CONVERSION = YES;
				CLANG_WARN_DEPRECATED_OBJC_IMPLEMENTATIONS = YES;
				CLANG_WARN_DIRECT_OBJC_ISA_USAGE = YES_ERROR;
				CLANG_WARN_DOCUMENTATION_COMMENTS = YES;
				CLANG_WARN_EMPTY_BODY = YES;
				CLANG_WARN_ENUM_CONVERSION = YES;
				CLANG_WARN_INFINITE_RECURSION = YES;
				CLANG_WARN_INT_CONVERSION = YES;
				CLANG_WARN_NON_LITERAL_NULL_CONVERSION = YES;
				CLANG_WARN_OBJC_IMPLICIT_RETAIN_SELF = YES;
				CLANG_WARN_OBJC_LITERAL_CONVERSION = YES;
				CLANG_WARN_OBJC_ROOT_CLASS = YES_ERROR;
				CLANG_WARN_RANGE_LOOP_ANALYSIS = YES;
				CLANG_WARN_STRICT_PROTOTYPES = YES;
				CLANG_WARN_SUSPICIOUS_MOVE = YES;
				CLANG_WARN_UNGUARDED_AVAILABILITY = YES_AGGRESSIVE;
				CLANG_WARN_UNREACHABLE_CODE = YES;
				CLANG_WARN__DUPLICATE_METHOD_MATCH = YES;
				CODE_SIGN_IDENTITY = "iPhone Developer";
				COPY_PHASE_STRIP = NO;
				DEBUG_INFORMATION_FORMAT = "dwarf-with-dsym";
				ENABLE_NS_ASSERTIONS = NO;
				ENABLE_STRICT_OBJC_MSGSEND = YES;
				GCC_C_LANGUAGE_STANDARD = gnu11;
				GCC_NO_COMMON_BLOCKS = YES;
				GCC_WARN_64_TO_32_BIT_CONVERSION = YES;
				GCC_WARN_ABOUT_RETURN_TYPE = YES_ERROR;
				GCC_WARN_UNDECLARED_SELECTOR = YES;
				GCC_WARN_UNINITIALIZED_AUTOS = YES_AGGRESSIVE;
				GCC_WARN_UNUSED_FUNCTION = YES;
				GCC_WARN_UNUSED_VARIABLE = YES;
				IPHONEOS_DEPLOYMENT_TARGET = 11.4;
				MTL_ENABLE_DEBUG_INFO = NO;
				SDKROOT = iphoneos;
				SWIFT_COMPILATION_MODE = wholemodule;
				SWIFT_OPTIMIZATION_LEVEL = "-O";
				VALIDATE_PRODUCT = YES;
			};
			name = Release;
		};
		305E85652105A1D7003E9792 /* Debug */ = {
			isa = XCBuildConfiguration;
			buildSettings = {
				ASSETCATALOG_COMPILER_APPICON_NAME = AppIcon;
				CODE_SIGN_ENTITLEMENTS = GetWifiInfo/GetWifiInfo.entitlements;
				CODE_SIGN_STYLE = Automatic;
				DEVELOPMENT_TEAM = 62KBMLS53A;
				INFOPLIST_FILE = GetWifiInfo/Info.plist;
				LD_RUNPATH_SEARCH_PATHS = (
					"$(inherited)",
					"@executable_path/Frameworks",
				);
				PRODUCT_BUNDLE_IDENTIFIER = net.midwestcompsol.GetWifiInfo;
				PRODUCT_NAME = "$(TARGET_NAME)";
				SWIFT_VERSION = 4.2;
				TARGETED_DEVICE_FAMILY = "1,2";
			};
			name = Debug;
		};
		305E85662105A1D7003E9792 /* Release */ = {
			isa = XCBuildConfiguration;
			buildSettings = {
				ASSETCATALOG_COMPILER_APPICON_NAME = AppIcon;
				CODE_SIGN_ENTITLEMENTS = GetWifiInfo/GetWifiInfo.entitlements;
				CODE_SIGN_STYLE = Automatic;
				DEVELOPMENT_TEAM = 62KBMLS53A;
				INFOPLIST_FILE = GetWifiInfo/Info.plist;
				LD_RUNPATH_SEARCH_PATHS = (
					"$(inherited)",
					"@executable_path/Frameworks",
				);
				PRODUCT_BUNDLE_IDENTIFIER = net.midwestcompsol.GetWifiInfo;
				PRODUCT_NAME = "$(TARGET_NAME)";
				SWIFT_VERSION = 4.2;
				TARGETED_DEVICE_FAMILY = "1,2";
			};
			name = Release;
		};
/* End XCBuildConfiguration section */

/* Begin XCConfigurationList section */
		305E854A2105A1C4003E9792 /* Build configuration list for PBXProject "GetWifiInfo" */ = {
			isa = XCConfigurationList;
			buildConfigurations = (
				305E85622105A1D7003E9792 /* Debug */,
				305E85632105A1D7003E9792 /* Release */,
			);
			defaultConfigurationIsVisible = 0;
			defaultConfigurationName = Release;
		};
		305E85642105A1D7003E9792 /* Build configuration list for PBXNativeTarget "GetWifiInfo" */ = {
			isa = XCConfigurationList;
			buildConfigurations = (
				305E85652105A1D7003E9792 /* Debug */,
				305E85662105A1D7003E9792 /* Release */,
			);
			defaultConfigurationIsVisible = 0;
			defaultConfigurationName = Release;
		};
/* End XCConfigurationList section */

/* Begin XCVersionGroup section */
		305E85592105A1C4003E9792 /* GetWifiInfo.xcdatamodeld */ = {
			isa = XCVersionGroup;
			children = (
				305E855A2105A1C4003E9792 /* GetWifiInfo.xcdatamodel */,
			);
			currentVersion = 305E855A2105A1C4003E9792 /* GetWifiInfo.xcdatamodel */;
			path = GetWifiInfo.xcdatamodeld;
			sourceTree = "<group>";
			versionGroupType = wrapper.xcdatamodel;
		};
/* End XCVersionGroup section */
	};
	rootObject = 305E85472105A1C4003E9792 /* Project object */;
}
